// !$*UTF8*$!
{
	archiveVersion = 1;
	classes = {
	};
	objectVersion = 46;
	objects = {

/* Begin PBXBuildFile section */
		010987C21D086DFA00C1BA84 /* main.m in Sources */ = {isa = PBXBuildFile; fileRef = 010987C11D086DFA00C1BA84 /* main.m */; };
		010987C51D086DFA00C1BA84 /* AppDelegate.m in Sources */ = {isa = PBXBuildFile; fileRef = 010987C41D086DFA00C1BA84 /* AppDelegate.m */; };
		010987C81D086DFA00C1BA84 /* ViewController.m in Sources */ = {isa = PBXBuildFile; fileRef = 010987C71D086DFA00C1BA84 /* ViewController.m */; };
		010987CB1D086DFA00C1BA84 /* Main.storyboard in Resources */ = {isa = PBXBuildFile; fileRef = 010987C91D086DFA00C1BA84 /* Main.storyboard */; };
		010987CD1D086DFA00C1BA84 /* Assets.xcassets in Resources */ = {isa = PBXBuildFile; fileRef = 010987CC1D086DFA00C1BA84 /* Assets.xcassets */; };
		010987D01D086DFA00C1BA84 /* LaunchScreen.storyboard in Resources */ = {isa = PBXBuildFile; fileRef = 010987CE1D086DFA00C1BA84 /* LaunchScreen.storyboard */; };
/* End PBXBuildFile section */

/* Begin PBXFileReference section */
		010987BD1D086DFA00C1BA84 /* XWCNDict.app */ = {isa = PBXFileReference; explicitFileType = wrapper.application; includeInIndex = 0; path = XWCNDict.app; sourceTree = BUILT_PRODUCTS_DIR; };
		010987C11D086DFA00C1BA84 /* main.m */ = {isa = PBXFileReference; lastKnownFileType = sourcecode.c.objc; path = main.m; sourceTree = "<group>"; };
		010987C31D086DFA00C1BA84 /* AppDelegate.h */ = {isa = PBXFileReference; lastKnownFileType = sourcecode.c.h; path = AppDelegate.h; sourceTree = "<group>"; };
		010987C41D086DFA00C1BA84 /* AppDelegate.m */ = {isa = PBXFileReference; lastKnownFileType = sourcecode.c.objc; path = AppDelegate.m; sourceTree = "<group>"; };
		010987C61D086DFA00C1BA84 /* ViewController.h */ = {isa = PBXFileReference; lastKnownFileType = sourcecode.c.h; path = ViewController.h; sourceTree = "<group>"; };
		010987C71D086DFA00C1BA84 /* ViewController.m */ = {isa = PBXFileReference; lastKnownFileType = sourcecode.c.objc; path = ViewController.m; sourceTree = "<group>"; };
		010987CA1D086DFA00C1BA84 /* Base */ = {isa = PBXFileReference; lastKnownFileType = file.storyboard; name = Base; path = Base.lproj/Main.storyboard; sourceTree = "<group>"; };
		010987CC1D086DFA00C1BA84 /* Assets.xcassets */ = {isa = PBXFileReference; lastKnownFileType = folder.assetcatalog; path = Assets.xcassets; sourceTree = "<group>"; };
		010987CF1D086DFA00C1BA84 /* Base */ = {isa = PBXFileReference; lastKnownFileType = file.storyboard; name = Base; path = Base.lproj/LaunchScreen.storyboard; sourceTree = "<group>"; };
		010987D11D086DFA00C1BA84 /* Info.plist */ = {isa = PBXFileReference; lastKnownFileType = text.plist.xml; path = Info.plist; sourceTree = "<group>"; };
/* End PBXFileReference section */

/* Begin PBXFrameworksBuildPhase section */
		010987BA1D086DFA00C1BA84 /* Frameworks */ = {
			isa = PBXFrameworksBuildPhase;
			buildActionMask = 2147483647;
			files = (
			);
			runOnlyForDeploymentPostprocessing = 0;
		};
/* End PBXFrameworksBuildPhase section */

/* Begin PBXGroup section */
		010987B41D086DFA00C1BA84 = {
			isa = PBXGroup;
			children = (
				010987BF1D086DFA00C1BA84 /* XWCNDict */,
				010987BE1D086DFA00C1BA84 /* Products */,
			);
			sourceTree = "<group>";
		};
		010987BE1D086DFA00C1BA84 /* Products */ = {
			isa = PBXGroup;
			children = (
				010987BD1D086DFA00C1BA84 /* XWCNDict.app */,
			);
			name = Products;
			sourceTree = "<group>";
		};
		010987BF1D086DFA00C1BA84 /* XWCNDict */ = {
			isa = PBXGroup;
			children = (
				010987C31D086DFA00C1BA84 /* AppDelegate.h */,
				010987C41D086DFA00C1BA84 /* AppDelegate.m */,
				010987C61D086DFA00C1BA84 /* ViewController.h */,
				010987C71D086DFA00C1BA84 /* ViewController.m */,
				010987C91D086DFA00C1BA84 /* Main.storyboard */,
				010987CC1D086DFA00C1BA84 /* Assets.xcassets */,
				010987CE1D086DFA00C1BA84 /* LaunchScreen.storyboard */,
				010987D11D086DFA00C1BA84 /* Info.plist */,
				010987C01D086DFA00C1BA84 /* Supporting Files */,
			);
			path = XWCNDict;
			sourceTree = "<group>";
		};
		010987C01D086DFA00C1BA84 /* Supporting Files */ = {
			isa = PBXGroup;
			children = (
				010987C11D086DFA00C1BA84 /* main.m */,
			);
			name = "Supporting Files";
			sourceTree = "<group>";
		};
/* End PBXGroup section */

/* Begin PBXNativeTarget section */
		010987BC1D086DFA00C1BA84 /* XWCNDict */ = {
			isa = PBXNativeTarget;
			buildConfigurationList = 010987D41D086DFA00C1BA84 /* Build configuration list for PBXNativeTarget "XWCNDict" */;
			buildPhases = (
				010987B91D086DFA00C1BA84 /* Sources */,
				010987BA1D086DFA00C1BA84 /* Frameworks */,
				010987BB1D086DFA00C1BA84 /* Resources */,
			);
			buildRules = (
			);
			dependencies = (
			);
			name = XWCNDict;
			productName = XWCNDict;
			productReference = 010987BD1D086DFA00C1BA84 /* XWCNDict.app */;
			productType = "com.apple.product-type.application";
		};
/* End PBXNativeTarget section */

/* Begin PBXProject section */
		010987B51D086DFA00C1BA84 /* Project object */ = {
			isa = PBXProject;
			attributes = {
				LastUpgradeCheck = 0730;
				ORGANIZATIONNAME = linxi;
				TargetAttributes = {
					010987BC1D086DFA00C1BA84 = {
						CreatedOnToolsVersion = 7.3.1;
					};
				};
			};
			buildConfigurationList = 010987B81D086DFA00C1BA84 /* Build configuration list for PBXProject "XWCNDict" */;
			compatibilityVersion = "Xcode 3.2";
			developmentRegion = English;
			hasScannedForEncodings = 0;
			knownRegions = (
				en,
				Base,
			);
			mainGroup = 010987B41D086DFA00C1BA84;
			productRefGroup = 010987BE1D086DFA00C1BA84 /* Products */;
			projectDirPath = "";
			projectRoot = "";
			targets = (
				010987BC1D086DFA00C1BA84 /* XWCNDict */,
			);
		};
/* End PBXProject section */

/* Begin PBXResourcesBuildPhase section */
		010987BB1D086DFA00C1BA84 /* Resources */ = {
			isa = PBXResourcesBuildPhase;
			buildActionMask = 2147483647;
			files = (
				010987D01D086DFA00C1BA84 /* LaunchScreen.storyboard in Resources */,
				010987CD1D086DFA00C1BA84 /* Assets.xcassets in Resources */,
				010987CB1D086DFA00C1BA84 /* Main.storyboard in Resources */,
			);
			runOnlyForDeploymentPostprocessing = 0;
		};
/* End PBXResourcesBuildPhase section */

/* Begin PBXSourcesBuildPhase section */
		010987B91D086DFA00C1BA84 /* Sources */ = {
			isa = PBXSourcesBuildPhase;
			buildActionMask = 2147483647;
			files = (
				010987C81D086DFA00C1BA84 /* ViewController.m in Sources */,
				010987C51D086DFA00C1BA84 /* AppDelegate.m in Sources */,
				010987C21D086DFA00C1BA84 /* main.m in Sources */,
			);
			runOnlyForDeploymentPostprocessing = 0;
		};
/* End PBXSourcesBuildPhase section */

/* Begin PBXVariantGroup section */
		010987C91D086DFA00C1BA84 /* Main.storyboard */ = {
			isa = PBXVariantGroup;
			children = (
				010987CA1D086DFA00C1BA84 /* Base */,
			);
			name = Main.storyboard;
			sourceTree = "<group>";
		};
		010987CE1D086DFA00C1BA84 /* LaunchScreen.storyboard */ = {
			isa = PBXVariantGroup;
			children = (
				010987CF1D086DFA00C1BA84 /* Base */,
			);
			name = LaunchScreen.storyboard;
			sourceTree = "<group>";
		};
/* End PBXVariantGroup section */

/* Begin XCBuildConfiguration section */
		010987D21D086DFA00C1BA84 /* Debug */ = {
			isa = XCBuildConfiguration;
			buildSettings = {
				ALWAYS_SEARCH_USER_PATHS = NO;
				CLANG_ANALYZER_NONNULL = YES;
				CLANG_CXX_LANGUAGE_STANDARD = "gnu++0x";
				CLANG_CXX_LIBRARY = "libc++";
				CLANG_ENABLE_MODULES = YES;
				CLANG_ENABLE_OBJC_ARC = YES;
				CLANG_WARN_BOOL_CONVERSION = YES;
				CLANG_WARN_CONSTANT_CONVERSION = YES;
				CLANG_WARN_DIRECT_OBJC_ISA_USAGE = YES_ERROR;
				CLANG_WARN_EMPTY_BODY = YES;
				CLANG_WARN_ENUM_CONVERSION = YES;
				CLANG_WARN_INT_CONVERSION = YES;
				CLANG_WARN_OBJC_ROOT_CLASS = YES_ERROR;
				CLANG_WARN_UNREACHABLE_CODE = YES;
				CLANG_WARN__DUPLICATE_METHOD_MATCH = YES;
				"CODE_SIGN_IDENTITY[sdk=iphoneos*]" = "iPhone Developer";
				COPY_PHASE_STRIP = NO;
				DEBUG_INFORMATION_FORMAT = dwarf;
				ENABLE_STRICT_OBJC_MSGSEND = YES;
				ENABLE_TESTABILITY = YES;
				GCC_C_LANGUAGE_STANDARD = gnu99;
				GCC_DYNAMIC_NO_PIC = NO;
				GCC_NO_COMMON_BLOCKS = YES;
				GCC_OPTIMIZATION_LEVEL = 0;
				GCC_PREPROCESSOR_DEFINITIONS = (
					"DEBUG=1",
					"$(inherited)",
				);
				GCC_WARN_64_TO_32_BIT_CONVERSION = YES;
				GCC_WARN_ABOUT_RETURN_TYPE = YES_ERROR;
				GCC_WARN_UNDECLARED_SELECTOR = YES;
				GCC_WARN_UNINITIALIZED_AUTOS = YES_AGGRESSIVE;
				GCC_WARN_UNUSED_FUNCTION = YES;
				GCC_WARN_UNUSED_VARIABLE = YES;
				IPHONEOS_DEPLOYMENT_TARGET = 9.3;
				MTL_ENABLE_DEBUG_INFO = YES;
				ONLY_ACTIVE_ARCH = YES;
				SDKROOT = iphoneos;
				TARGETED_DEVICE_FAMILY = 2;
			};
			name = Debug;
		};
		010987D31D086DFA00C1BA84 /* Release */ = {
			isa = XCBuildConfiguration;
			buildSettings = {
				ALWAYS_SEARCH_USER_PATHS = NO;
				CLANG_ANALYZER_NONNULL = YES;
				CLANG_CXX_LANGUAGE_STANDARD = "gnu++0x";
				CLANG_CXX_LIBRARY = "libc++";
				CLANG_ENABLE_MODULES = YES;
				CLANG_ENABLE_OBJC_ARC = YES;
				CLANG_WARN_BOOL_CONVERSION = YES;
				CLANG_WARN_CONSTANT_CONVERSION = YES;
				CLANG_WARN_DIRECT_OBJC_ISA_USAGE = YES_ERROR;
				CLANG_WARN_EMPTY_BODY = YES;
				CLANG_WARN_ENUM_CONVERSION = YES;
				CLANG_WARN_INT_CONVERSION = YES;
				CLANG_WARN_OBJC_ROOT_CLASS = YES_ERROR;
				CLANG_WARN_UNREACHABLE_CODE = YES;
				CLANG_WARN__DUPLICATE_METHOD_MATCH = YES;
				"CODE_SIGN_IDENTITY[sdk=iphoneos*]" = "iPhone Developer";
				COPY_PHASE_STRIP = NO;
				DEBUG_INFORMATION_FORMAT = "dwarf-with-dsym";
				ENABLE_NS_ASSERTIONS = NO;
				ENABLE_STRICT_OBJC_MSGSEND = YES;
				GCC_C_LANGUAGE_STANDARD = gnu99;
				GCC_NO_COMMON_BLOCKS = YES;
				GCC_WARN_64_TO_32_BIT_CONVERSION = YES;
				GCC_WARN_ABOUT_RETURN_TYPE = YES_ERROR;
				GCC_WARN_UNDECLARED_SELECTOR = YES;
				GCC_WARN_UNINITIALIZED_AUTOS = YES_AGGRESSIVE;
				GCC_WARN_UNUSED_FUNCTION = YES;
				GCC_WARN_UNUSED_VARIABLE = YES;
				IPHONEOS_DEPLOYMENT_TARGET = 9.3;
				MTL_ENABLE_DEBUG_INFO = NO;
				SDKROOT = iphoneos;
				TARGETED_DEVICE_FAMILY = 2;
				VALIDATE_PRODUCT = YES;
			};
			name = Release;
		};
		010987D51D086DFA00C1BA84 /* Debug */ = {
			isa = XCBuildConfiguration;
			buildSettings = {
				ASSETCATALOG_COMPILER_APPICON_NAME = AppIcon;
				INFOPLIST_FILE = XWCNDict/Info.plist;
				LD_RUNPATH_SEARCH_PATHS = "$(inherited) @executable_path/Frameworks";
				PRODUCT_BUNDLE_IDENTIFIER = com.linxi.XWCNDict;
				PRODUCT_NAME = "$(TARGET_NAME)";
			};
			name = Debug;
		};
		010987D61D086DFA00C1BA84 /* Release */ = {
			isa = XCBuildConfiguration;
			buildSettings = {
				ASSETCATALOG_COMPILER_APPICON_NAME = AppIcon;
				INFOPLIST_FILE = XWCNDict/Info.plist;
				LD_RUNPATH_SEARCH_PATHS = "$(inherited) @executable_path/Frameworks";
				PRODUCT_BUNDLE_IDENTIFIER = com.linxi.XWCNDict;
				PRODUCT_NAME = "$(TARGET_NAME)";
			};
			name = Release;
		};
/* End XCBuildConfiguration section */

/* Begin XCConfigurationList section */
		010987B81D086DFA00C1BA84 /* Build configuration list for PBXProject "XWCNDict" */ = {
			isa = XCConfigurationList;
			buildConfigurations = (
				010987D21D086DFA00C1BA84 /* Debug */,
				010987D31D086DFA00C1BA84 /* Release */,
			);
			defaultConfigurationIsVisible = 0;
			defaultConfigurationName = Release;
		};
		010987D41D086DFA00C1BA84 /* Build configuration list for PBXNativeTarget "XWCNDict" */ = {
			isa = XCConfigurationList;
			buildConfigurations = (
				010987D51D086DFA00C1BA84 /* Debug */,
				010987D61D086DFA00C1BA84 /* Release */,
			);
			defaultConfigurationIsVisible = 0;
		};
/* End XCConfigurationList section */
	};
	rootObject = 010987B51D086DFA00C1BA84 /* Project object */;
}
